
Microsoft Visual Studio Solution File, Format Version 12.00
# Visual Studio Version 16
VisualStudioVersion = 25.0.1704.1
MinimumVisualStudioVersion = 10.0.40219.1
Project("{FAE04EC0-301F-11D3-BF4B-00C04F79EFBC}") = "Operations", "Operations\Operations.csproj", "{235E9A81-909C-4952-940E-E45DF7F50D25}"
EndProject
Global
	GlobalSection(SolutionConfigurationPlatforms) = preSolution
		Debug|Any CPU = Debug|Any CPU
		Release|Any CPU = Release|Any CPU
	EndGlobalSection
	GlobalSection(ProjectConfigurationPlatforms) = postSolution
		{235E9A81-909C-4952-940E-E45DF7F50D25}.Debug|Any CPU.ActiveCfg = Debug|Any CPU
		{235E9A81-909C-4952-940E-E45DF7F50D25}.Debug|Any CPU.Build.0 = Debug|Any CPU
		{235E9A81-909C-4952-940E-E45DF7F50D25}.Release|Any CPU.ActiveCfg = Release|Any CPU
		{235E9A81-909C-4952-940E-E45DF7F50D25}.Release|Any CPU.Build.0 = Release|Any CPU
	EndGlobalSection
	GlobalSection(SolutionProperties) = preSolution
		HideSolutionNode = FALSE
	EndGlobalSection
	GlobalSection(ExtensibilityGlobals) = postSolution
		SolutionGuid = {F86041EC-72B8-4DE1-98CC-A17BC5258B0C}
	EndGlobalSection
EndGlobal
